
Microsoft Visual Studio Solution File, Format Version 12.00
# Visual Studio 15
VisualStudioVersion = 15.0.27428.2015
MinimumVisualStudioVersion = 10.0.40219.1
Project("{FAE04EC0-301F-11D3-BF4B-00C04F79EFBC}") = "ex6", "ex6\ex6.csproj", "{4803C6E3-3023-4558-913F-28E64FED6954}"
EndProject
Global
	GlobalSection(SolutionConfigurationPlatforms) = preSolution
		Debug|Any CPU = Debug|Any CPU
		Release|Any CPU = Release|Any CPU
	EndGlobalSection
	GlobalSection(ProjectConfigurationPlatforms) = postSolution
		{4803C6E3-3023-4558-913F-28E64FED6954}.Debug|Any CPU.ActiveCfg = Debug|Any CPU
		{4803C6E3-3023-4558-913F-28E64FED6954}.Debug|Any CPU.Build.0 = Debug|Any CPU
		{4803C6E3-3023-4558-913F-28E64FED6954}.Release|Any CPU.ActiveCfg = Release|Any CPU
		{4803C6E3-3023-4558-913F-28E64FED6954}.Release|Any CPU.Build.0 = Release|Any CPU
	EndGlobalSection
	GlobalSection(SolutionProperties) = preSolution
		HideSolutionNode = FALSE
	EndGlobalSection
	GlobalSection(ExtensibilityGlobals) = postSolution
		SolutionGuid = {030B2928-84DD-4299-A60E-04F31DECC3C8}
	EndGlobalSection
EndGlobal
